
Microsoft Visual Studio Solution File, Format Version 12.00
# Visual Studio Version 16
VisualStudioVersion = 16.0.31624.102
MinimumVisualStudioVersion = 10.0.40219.1
Project("{FAE04EC0-301F-11D3-BF4B-00C04F79EFBC}") = "Inlämningsupggift final version", "Inlämningsupggift final version\Inlämningsupggift final version.csproj", "{406A5934-07A1-4E2A-B398-956337B86B44}"
EndProject
Global
	GlobalSection(SolutionConfigurationPlatforms) = preSolution
		Debug|Any CPU = Debug|Any CPU
		Release|Any CPU = Release|Any CPU
	EndGlobalSection
	GlobalSection(ProjectConfigurationPlatforms) = postSolution
		{406A5934-07A1-4E2A-B398-956337B86B44}.Debug|Any CPU.ActiveCfg = Debug|Any CPU
		{406A5934-07A1-4E2A-B398-956337B86B44}.Debug|Any CPU.Build.0 = Debug|Any CPU
		{406A5934-07A1-4E2A-B398-956337B86B44}.Release|Any CPU.ActiveCfg = Release|Any CPU
		{406A5934-07A1-4E2A-B398-956337B86B44}.Release|Any CPU.Build.0 = Release|Any CPU
	EndGlobalSection
	GlobalSection(SolutionProperties) = preSolution
		HideSolutionNode = FALSE
	EndGlobalSection
	GlobalSection(ExtensibilityGlobals) = postSolution
		SolutionGuid = {F6CE43D6-CD88-4F2B-A63E-0B059C7FF2AB}
	EndGlobalSection
EndGlobal
